
Microsoft Visual Studio Solution File, Format Version 12.00
# Visual Studio Version 16
VisualStudioVersion = 16.0.29306.81
MinimumVisualStudioVersion = 10.0.40219.1
Project("{2150E333-8FDC-42A3-9474-1A3956D46DE8}") = "Samples", "Samples", "{B3A856D9-AB49-4DAB-8A53-5B4461B2735C}"
EndProject
Project("{2150E333-8FDC-42A3-9474-1A3956D46DE8}") = "src", "src", "{F6DAFB03-D211-4EEC-A7E6-0CBF99361FC4}"
EndProject
Project("{9A19103F-16F7-4668-BE54-9A1E7A4F7556}") = "Kmd.Logic.DocumentGeneration.Client", "src\Kmd.Logic.DocumentGeneration.Client\Kmd.Logic.DocumentGeneration.Client.csproj", "{B7D824BD-27A8-44AB-99B3-104CBBC1B3E0}"
EndProject
Project("{2150E333-8FDC-42A3-9474-1A3956D46DE8}") = "Solution", "Solution", "{B1DE939A-4D71-4150-B411-8BB10AE73A3B}"
	ProjectSection(SolutionItems) = preProject
		CHANGES.md = CHANGES.md
		Directory.Build.props = Directory.Build.props
		.github\workflows\github-cd.yml = .github\workflows\github-cd.yml
		global.json = global.json
		kmd-logic-icon.png = kmd-logic-icon.png
		LICENSE = LICENSE
		README.md = README.md
	EndProjectSection
EndProject
Project("{9A19103F-16F7-4668-BE54-9A1E7A4F7556}") = "Kmd.Logic.DocumentGeneration.Client.ConfigurationSample", "samples\Kmd.Logic.DocumentGeneration.Client.ConfigurationSample\Kmd.Logic.DocumentGeneration.Client.ConfigurationSample.csproj", "{7E347086-B607-41A5-86AF-A656C23B0D5B}"
EndProject
Project("{9A19103F-16F7-4668-BE54-9A1E7A4F7556}") = "Kmd.Logic.DocumentGeneration.Client.GenerationSample", "samples\Kmd.Logic.DocumentGeneration.Client.GenerationSample\Kmd.Logic.DocumentGeneration.Client.GenerationSample.csproj", "{7D5C63D0-C684-4A21-98DB-6DE74BC6A6F5}"
EndProject
Global
	GlobalSection(SolutionConfigurationPlatforms) = preSolution
		Debug|Any CPU = Debug|Any CPU
		Release|Any CPU = Release|Any CPU
	EndGlobalSection
	GlobalSection(ProjectConfigurationPlatforms) = postSolution
		{B7D824BD-27A8-44AB-99B3-104CBBC1B3E0}.Debug|Any CPU.ActiveCfg = Debug|Any CPU
		{B7D824BD-27A8-44AB-99B3-104CBBC1B3E0}.Debug|Any CPU.Build.0 = Debug|Any CPU
		{B7D824BD-27A8-44AB-99B3-104CBBC1B3E0}.Release|Any CPU.ActiveCfg = Release|Any CPU
		{B7D824BD-27A8-44AB-99B3-104CBBC1B3E0}.Release|Any CPU.Build.0 = Release|Any CPU
		{7E347086-B607-41A5-86AF-A656C23B0D5B}.Debug|Any CPU.ActiveCfg = Debug|Any CPU
		{7E347086-B607-41A5-86AF-A656C23B0D5B}.Debug|Any CPU.Build.0 = Debug|Any CPU
		{7E347086-B607-41A5-86AF-A656C23B0D5B}.Release|Any CPU.ActiveCfg = Release|Any CPU
		{7E347086-B607-41A5-86AF-A656C23B0D5B}.Release|Any CPU.Build.0 = Release|Any CPU
		{7D5C63D0-C684-4A21-98DB-6DE74BC6A6F5}.Debug|Any CPU.ActiveCfg = Debug|Any CPU
		{7D5C63D0-C684-4A21-98DB-6DE74BC6A6F5}.Debug|Any CPU.Build.0 = Debug|Any CPU
		{7D5C63D0-C684-4A21-98DB-6DE74BC6A6F5}.Release|Any CPU.ActiveCfg = Release|Any CPU
		{7D5C63D0-C684-4A21-98DB-6DE74BC6A6F5}.Release|Any CPU.Build.0 = Release|Any CPU
	EndGlobalSection
	GlobalSection(SolutionProperties) = preSolution
		HideSolutionNode = FALSE
	EndGlobalSection
	GlobalSection(NestedProjects) = preSolution
		{B7D824BD-27A8-44AB-99B3-104CBBC1B3E0} = {F6DAFB03-D211-4EEC-A7E6-0CBF99361FC4}
		{7E347086-B607-41A5-86AF-A656C23B0D5B} = {B3A856D9-AB49-4DAB-8A53-5B4461B2735C}
		{7D5C63D0-C684-4A21-98DB-6DE74BC6A6F5} = {B3A856D9-AB49-4DAB-8A53-5B4461B2735C}
	EndGlobalSection
	GlobalSection(ExtensibilityGlobals) = postSolution
		SolutionGuid = {9CC79F7D-6B66-467E-B4C9-939A7D88E2BA}
	EndGlobalSection
EndGlobal
